
Microsoft Visual Studio Solution File, Format Version 12.00
# Visual Studio Version 17
VisualStudioVersion = 17.10.35013.160
MinimumVisualStudioVersion = 10.0.40219.1
Project("{FAE04EC0-301F-11D3-BF4B-00C04F79EFBC}") = "API", "src\API\API.csproj", "{763F207C-ABC8-4AB7-8E16-5B7DEE056E53}"
EndProject
Project("{FAE04EC0-301F-11D3-BF4B-00C04F79EFBC}") = "Application", "src\Application\Application.csproj", "{BD527CE7-51ED-45EE-9F2A-624C7EBE6941}"
EndProject
Project("{FAE04EC0-301F-11D3-BF4B-00C04F79EFBC}") = "Domain", "src\Domain\Domain.csproj", "{3AFACEAD-C504-44D1-B6D2-68818A9B0EE8}"
EndProject
Project("{FAE04EC0-301F-11D3-BF4B-00C04F79EFBC}") = "Infrastructure", "src\Infrastructure\Infrastructure.csproj", "{2034D542-FBD7-4713-B03A-63090BE42D96}"
EndProject
Project("{FAE04EC0-301F-11D3-BF4B-00C04F79EFBC}") = "Share", "src\Share\Share.csproj", "{A76C73B8-6E51-4D1D-B30B-6A96830F30DC}"
EndProject
Project("{FAE04EC0-301F-11D3-BF4B-00C04F79EFBC}") = "Infrastructure.ElasticSearch", "src\Infrastructure.ElasticSearch\Infrastructure.ElasticSearch.csproj", "{048243FD-7B5C-4B75-8C40-4448C7D7DE61}"
EndProject
Project("{FAE04EC0-301F-11D3-BF4B-00C04F79EFBC}") = "Keycloak.Net", "src\Keycloak.Net\src\Keycloak.Net\Keycloak.Net.csproj", "{CF9EAB54-4D3F-4AF4-76CD-81B2F4BF3809}"
EndProject
Project("{FAE04EC0-301F-11D3-BF4B-00C04F79EFBC}") = "Scheduler", "src\Scheduler\Scheduler.csproj", "{CF0DD1BE-4F48-CB9B-E359-91D849DE1B7A}"
EndProject
Global
	GlobalSection(SolutionConfigurationPlatforms) = preSolution
		Debug|Any CPU = Debug|Any CPU
		Debug|x64 = Debug|x64
		Debug|x86 = Debug|x86
		Release|Any CPU = Release|Any CPU
		Release|x64 = Release|x64
		Release|x86 = Release|x86
	EndGlobalSection
	GlobalSection(ProjectConfigurationPlatforms) = postSolution
		{763F207C-ABC8-4AB7-8E16-5B7DEE056E53}.Debug|Any CPU.ActiveCfg = Debug|Any CPU
		{763F207C-ABC8-4AB7-8E16-5B7DEE056E53}.Debug|Any CPU.Build.0 = Debug|Any CPU
		{763F207C-ABC8-4AB7-8E16-5B7DEE056E53}.Debug|x64.ActiveCfg = Debug|Any CPU
		{763F207C-ABC8-4AB7-8E16-5B7DEE056E53}.Debug|x64.Build.0 = Debug|Any CPU
		{763F207C-ABC8-4AB7-8E16-5B7DEE056E53}.Debug|x86.ActiveCfg = Debug|Any CPU
		{763F207C-ABC8-4AB7-8E16-5B7DEE056E53}.Debug|x86.Build.0 = Debug|Any CPU
		{763F207C-ABC8-4AB7-8E16-5B7DEE056E53}.Release|Any CPU.ActiveCfg = Release|Any CPU
		{763F207C-ABC8-4AB7-8E16-5B7DEE056E53}.Release|Any CPU.Build.0 = Release|Any CPU
		{763F207C-ABC8-4AB7-8E16-5B7DEE056E53}.Release|x64.ActiveCfg = Release|Any CPU
		{763F207C-ABC8-4AB7-8E16-5B7DEE056E53}.Release|x64.Build.0 = Release|Any CPU
		{763F207C-ABC8-4AB7-8E16-5B7DEE056E53}.Release|x86.ActiveCfg = Release|Any CPU
		{763F207C-ABC8-4AB7-8E16-5B7DEE056E53}.Release|x86.Build.0 = Release|Any CPU
		{BD527CE7-51ED-45EE-9F2A-624C7EBE6941}.Debug|Any CPU.ActiveCfg = Debug|Any CPU
		{BD527CE7-51ED-45EE-9F2A-624C7EBE6941}.Debug|Any CPU.Build.0 = Debug|Any CPU
		{BD527CE7-51ED-45EE-9F2A-624C7EBE6941}.Debug|x64.ActiveCfg = Debug|Any CPU
		{BD527CE7-51ED-45EE-9F2A-624C7EBE6941}.Debug|x64.Build.0 = Debug|Any CPU
		{BD527CE7-51ED-45EE-9F2A-624C7EBE6941}.Debug|x86.ActiveCfg = Debug|Any CPU
		{BD527CE7-51ED-45EE-9F2A-624C7EBE6941}.Debug|x86.Build.0 = Debug|Any CPU
		{BD527CE7-51ED-45EE-9F2A-624C7EBE6941}.Release|Any CPU.ActiveCfg = Release|Any CPU
		{BD527CE7-51ED-45EE-9F2A-624C7EBE6941}.Release|Any CPU.Build.0 = Release|Any CPU
		{BD527CE7-51ED-45EE-9F2A-624C7EBE6941}.Release|x64.ActiveCfg = Release|Any CPU
		{BD527CE7-51ED-45EE-9F2A-624C7EBE6941}.Release|x64.Build.0 = Release|Any CPU
		{BD527CE7-51ED-45EE-9F2A-624C7EBE6941}.Release|x86.ActiveCfg = Release|Any CPU
		{BD527CE7-51ED-45EE-9F2A-624C7EBE6941}.Release|x86.Build.0 = Release|Any CPU
		{3AFACEAD-C504-44D1-B6D2-68818A9B0EE8}.Debug|Any CPU.ActiveCfg = Debug|Any CPU
		{3AFACEAD-C504-44D1-B6D2-68818A9B0EE8}.Debug|Any CPU.Build.0 = Debug|Any CPU
		{3AFACEAD-C504-44D1-B6D2-68818A9B0EE8}.Debug|x64.ActiveCfg = Debug|Any CPU
		{3AFACEAD-C504-44D1-B6D2-68818A9B0EE8}.Debug|x64.Build.0 = Debug|Any CPU
		{3AFACEAD-C504-44D1-B6D2-68818A9B0EE8}.Debug|x86.ActiveCfg = Debug|Any CPU
		{3AFACEAD-C504-44D1-B6D2-68818A9B0EE8}.Debug|x86.Build.0 = Debug|Any CPU
		{3AFACEAD-C504-44D1-B6D2-68818A9B0EE8}.Release|Any CPU.ActiveCfg = Release|Any CPU
		{3AFACEAD-C504-44D1-B6D2-68818A9B0EE8}.Release|Any CPU.Build.0 = Release|Any CPU
		{3AFACEAD-C504-44D1-B6D2-68818A9B0EE8}.Release|x64.ActiveCfg = Release|Any CPU
		{3AFACEAD-C504-44D1-B6D2-68818A9B0EE8}.Release|x64.Build.0 = Release|Any CPU
		{3AFACEAD-C504-44D1-B6D2-68818A9B0EE8}.Release|x86.ActiveCfg = Release|Any CPU
		{3AFACEAD-C504-44D1-B6D2-68818A9B0EE8}.Release|x86.Build.0 = Release|Any CPU
		{2034D542-FBD7-4713-B03A-63090BE42D96}.Debug|Any CPU.ActiveCfg = Debug|Any CPU
		{2034D542-FBD7-4713-B03A-63090BE42D96}.Debug|Any CPU.Build.0 = Debug|Any CPU
		{2034D542-FBD7-4713-B03A-63090BE42D96}.Debug|x64.ActiveCfg = Debug|Any CPU
		{2034D542-FBD7-4713-B03A-63090BE42D96}.Debug|x64.Build.0 = Debug|Any CPU
		{2034D542-FBD7-4713-B03A-63090BE42D96}.Debug|x86.ActiveCfg = Debug|Any CPU
		{2034D542-FBD7-4713-B03A-63090BE42D96}.Debug|x86.Build.0 = Debug|Any CPU
		{2034D542-FBD7-4713-B03A-63090BE42D96}.Release|Any CPU.ActiveCfg = Release|Any CPU
		{2034D542-FBD7-4713-B03A-63090BE42D96}.Release|Any CPU.Build.0 = Release|Any CPU
		{2034D542-FBD7-4713-B03A-63090BE42D96}.Release|x64.ActiveCfg = Release|Any CPU
		{2034D542-FBD7-4713-B03A-63090BE42D96}.Release|x64.Build.0 = Release|Any CPU
		{2034D542-FBD7-4713-B03A-63090BE42D96}.Release|x86.ActiveCfg = Release|Any CPU
		{2034D542-FBD7-4713-B03A-63090BE42D96}.Release|x86.Build.0 = Release|Any CPU
		{A76C73B8-6E51-4D1D-B30B-6A96830F30DC}.Debug|Any CPU.ActiveCfg = Debug|Any CPU
		{A76C73B8-6E51-4D1D-B30B-6A96830F30DC}.Debug|Any CPU.Build.0 = Debug|Any CPU
		{A76C73B8-6E51-4D1D-B30B-6A96830F30DC}.Debug|x64.ActiveCfg = Debug|Any CPU
		{A76C73B8-6E51-4D1D-B30B-6A96830F30DC}.Debug|x64.Build.0 = Debug|Any CPU
		{A76C73B8-6E51-4D1D-B30B-6A96830F30DC}.Debug|x86.ActiveCfg = Debug|Any CPU
		{A76C73B8-6E51-4D1D-B30B-6A96830F30DC}.Debug|x86.Build.0 = Debug|Any CPU
		{A76C73B8-6E51-4D1D-B30B-6A96830F30DC}.Release|Any CPU.ActiveCfg = Release|Any CPU
		{A76C73B8-6E51-4D1D-B30B-6A96830F30DC}.Release|Any CPU.Build.0 = Release|Any CPU
		{A76C73B8-6E51-4D1D-B30B-6A96830F30DC}.Release|x64.ActiveCfg = Release|Any CPU
		{A76C73B8-6E51-4D1D-B30B-6A96830F30DC}.Release|x64.Build.0 = Release|Any CPU
		{A76C73B8-6E51-4D1D-B30B-6A96830F30DC}.Release|x86.ActiveCfg = Release|Any CPU
		{A76C73B8-6E51-4D1D-B30B-6A96830F30DC}.Release|x86.Build.0 = Release|Any CPU
		{048243FD-7B5C-4B75-8C40-4448C7D7DE61}.Debug|Any CPU.ActiveCfg = Debug|Any CPU
		{048243FD-7B5C-4B75-8C40-4448C7D7DE61}.Debug|Any CPU.Build.0 = Debug|Any CPU
		{048243FD-7B5C-4B75-8C40-4448C7D7DE61}.Debug|x64.ActiveCfg = Debug|Any CPU
		{048243FD-7B5C-4B75-8C40-4448C7D7DE61}.Debug|x64.Build.0 = Debug|Any CPU
		{048243FD-7B5C-4B75-8C40-4448C7D7DE61}.Debug|x86.ActiveCfg = Debug|Any CPU
		{048243FD-7B5C-4B75-8C40-4448C7D7DE61}.Debug|x86.Build.0 = Debug|Any CPU
		{048243FD-7B5C-4B75-8C40-4448C7D7DE61}.Release|Any CPU.ActiveCfg = Release|Any CPU
		{048243FD-7B5C-4B75-8C40-4448C7D7DE61}.Release|Any CPU.Build.0 = Release|Any CPU
		{048243FD-7B5C-4B75-8C40-4448C7D7DE61}.Release|x64.ActiveCfg = Release|Any CPU
		{048243FD-7B5C-4B75-8C40-4448C7D7DE61}.Release|x64.Build.0 = Release|Any CPU
		{048243FD-7B5C-4B75-8C40-4448C7D7DE61}.Release|x86.ActiveCfg = Release|Any CPU
		{048243FD-7B5C-4B75-8C40-4448C7D7DE61}.Release|x86.Build.0 = Release|Any CPU
		{CF9EAB54-4D3F-4AF4-76CD-81B2F4BF3809}.Debug|Any CPU.ActiveCfg = Debug|Any CPU
		{CF9EAB54-4D3F-4AF4-76CD-81B2F4BF3809}.Debug|Any CPU.Build.0 = Debug|Any CPU
		{CF9EAB54-4D3F-4AF4-76CD-81B2F4BF3809}.Debug|x64.ActiveCfg = Debug|Any CPU
		{CF9EAB54-4D3F-4AF4-76CD-81B2F4BF3809}.Debug|x64.Build.0 = Debug|Any CPU
		{CF9EAB54-4D3F-4AF4-76CD-81B2F4BF3809}.Debug|x86.ActiveCfg = Debug|Any CPU
		{CF9EAB54-4D3F-4AF4-76CD-81B2F4BF3809}.Debug|x86.Build.0 = Debug|Any CPU
		{CF9EAB54-4D3F-4AF4-76CD-81B2F4BF3809}.Release|Any CPU.ActiveCfg = Release|Any CPU
		{CF9EAB54-4D3F-4AF4-76CD-81B2F4BF3809}.Release|Any CPU.Build.0 = Release|Any CPU
		{CF9EAB54-4D3F-4AF4-76CD-81B2F4BF3809}.Release|x64.ActiveCfg = Release|Any CPU
		{CF9EAB54-4D3F-4AF4-76CD-81B2F4BF3809}.Release|x64.Build.0 = Release|Any CPU
		{CF9EAB54-4D3F-4AF4-76CD-81B2F4BF3809}.Release|x86.ActiveCfg = Release|Any CPU
		{CF9EAB54-4D3F-4AF4-76CD-81B2F4BF3809}.Release|x86.Build.0 = Release|Any CPU
		{CF0DD1BE-4F48-CB9B-E359-91D849DE1B7A}.Debug|Any CPU.ActiveCfg = Debug|Any CPU
		{CF0DD1BE-4F48-CB9B-E359-91D849DE1B7A}.Debug|Any CPU.Build.0 = Debug|Any CPU
		{CF0DD1BE-4F48-CB9B-E359-91D849DE1B7A}.Debug|x64.ActiveCfg = Debug|Any CPU
		{CF0DD1BE-4F48-CB9B-E359-91D849DE1B7A}.Debug|x64.Build.0 = Debug|Any CPU
		{CF0DD1BE-4F48-CB9B-E359-91D849DE1B7A}.Debug|x86.ActiveCfg = Debug|Any CPU
		{CF0DD1BE-4F48-CB9B-E359-91D849DE1B7A}.Debug|x86.Build.0 = Debug|Any CPU
		{CF0DD1BE-4F48-CB9B-E359-91D849DE1B7A}.Release|Any CPU.ActiveCfg = Release|Any CPU
		{CF0DD1BE-4F48-CB9B-E359-91D849DE1B7A}.Release|Any CPU.Build.0 = Release|Any CPU
		{CF0DD1BE-4F48-CB9B-E359-91D849DE1B7A}.Release|x64.ActiveCfg = Release|Any CPU
		{CF0DD1BE-4F48-CB9B-E359-91D849DE1B7A}.Release|x64.Build.0 = Release|Any CPU
		{CF0DD1BE-4F48-CB9B-E359-91D849DE1B7A}.Release|x86.ActiveCfg = Release|Any CPU
		{CF0DD1BE-4F48-CB9B-E359-91D849DE1B7A}.Release|x86.Build.0 = Release|Any CPU
	EndGlobalSection
	GlobalSection(SolutionProperties) = preSolution
		HideSolutionNode = FALSE
	EndGlobalSection
	GlobalSection(ExtensibilityGlobals) = postSolution
		SolutionGuid = {9D8D740C-58CD-40CA-B4FC-ED10CCCFE17D}
	EndGlobalSection
EndGlobal
